
Microsoft Visual Studio Solution File, Format Version 12.00
# Visual Studio 2013
VisualStudioVersion = 12.0.31101.0
MinimumVisualStudioVersion = 10.0.40219.1
Project("{FAE04EC0-301F-11D3-BF4B-00C04F79EFBC}") = "Calculator", "Calculator\Calculator.csproj", "{FBD32F88-47EC-45D6-BC1C-81965E0766B9}"
EndProject
Global
	GlobalSection(SolutionConfigurationPlatforms) = preSolution
		Debug|Any CPU = Debug|Any CPU
		Release|Any CPU = Release|Any CPU
	EndGlobalSection
	GlobalSection(ProjectConfigurationPlatforms) = postSolution
		{FBD32F88-47EC-45D6-BC1C-81965E0766B9}.Debug|Any CPU.ActiveCfg = Debug|Any CPU
		{FBD32F88-47EC-45D6-BC1C-81965E0766B9}.Debug|Any CPU.Build.0 = Debug|Any CPU
		{FBD32F88-47EC-45D6-BC1C-81965E0766B9}.Release|Any CPU.ActiveCfg = Release|Any CPU
		{FBD32F88-47EC-45D6-BC1C-81965E0766B9}.Release|Any CPU.Build.0 = Release|Any CPU
	EndGlobalSection
	GlobalSection(SolutionProperties) = preSolution
		HideSolutionNode = FALSE
	EndGlobalSection
EndGlobal
